{
  "dependencies": {
    "node-rules": {
      "version": "3.1.0",
      "resolved": "https://registry.npmjs.org/node-rules/-/node-rules-3.1.0.tgz",
      "from": "node-rules@3.1.0"
    },
    "underscore": {
      "version": "1.8.3",
      "resolved": "https://registry.npmjs.org/underscore/-/underscore-1.8.3.tgz",
      "from": "underscore@>=1.7.0"
    }
  }
}
